{
  "name": "elev",
  "version": "1.0.5",
  "lockfileVersion": 1,
  "requires": true,
  "dependencies": {
    "acme-client": {
      "version": "2.0.1",
      "resolved": "http://registry.npm.taobao.org/acme-client/download/acme-client-2.0.1.tgz",
      "integrity": "sha1-e0aAVohcDsVJ5aHluz2clowTH9Q=",
      "requires": {
        "babel-runtime": "6.26.0",
        "backo2": "1.0.2",
        "bluebird": "3.5.1",
        "debug": "3.1.0",
        "openssl-wrapper": "0.3.4",
        "request": "2.88.0",
        "request-promise-native": "1.0.5",
        "tempfile": "2.0.0"
      }
    },
    "ajv": {
      "version": "5.5.2",
      "resolved": "http://registry.npm.taobao.org/ajv/download/ajv-5.5.2.tgz",
      "integrity": "sha1-c7Xuyj+rZT49P5Qis0GtQiBdyWU=",
      "requires": {
        "co": "4.6.0",
        "fast-deep-equal": "1.1.0",
        "fast-json-stable-stringify": "2.0.0",
        "json-schema-traverse": "0.3.1"
      }
    },
    "ansi-regex": {
      "version": "3.0.0",
      "resolved": "http://registry.npm.taobao.org/ansi-regex/download/ansi-regex-3.0.0.tgz",
      "integrity": "sha1-7QMXwyIGT3lGbAKWa922Bas32Zg="
    },
    "asn1": {
      "version": "0.2.4",
      "resolved": "http://registry.npm.taobao.org/asn1/download/asn1-0.2.4.tgz",
      "integrity": "sha1-jSR136tVO7M+d7VOWeiAu4ziMTY=",
      "requires": {
        "safer-buffer": "2.1.2"
      }
    },
    "assert-plus": {
      "version": "1.0.0",
      "resolved": "http://registry.npm.taobao.org/assert-plus/download/assert-plus-1.0.0.tgz",
      "integrity": "sha1-8S4PPF13sLHN2RRpQuTpbB5N1SU="
    },
    "asynckit": {
      "version": "0.4.0",
      "resolved": "http://registry.npm.taobao.org/asynckit/download/asynckit-0.4.0.tgz",
      "integrity": "sha1-x57Zf380y48robyXkLzDZkdLS3k="
    },
    "aws-sign2": {
      "version": "0.7.0",
      "resolved": "http://registry.npm.taobao.org/aws-sign2/download/aws-sign2-0.7.0.tgz",
      "integrity": "sha1-tG6JCTSpWR8tL2+G1+ap8bP+dqg="
    },
    "aws4": {
      "version": "1.8.0",
      "resolved": "http://registry.npm.taobao.org/aws4/download/aws4-1.8.0.tgz",
      "integrity": "sha1-8OAD2cqef1nHpQiUXXsu+aBKVC8="
    },
    "babel-runtime": {
      "version": "6.26.0",
      "resolved": "http://registry.npm.taobao.org/babel-runtime/download/babel-runtime-6.26.0.tgz",
      "integrity": "sha1-llxwWGaOgrVde/4E/yM3vItWR/4=",
      "requires": {
        "core-js": "2.5.7",
        "regenerator-runtime": "0.11.1"
      }
    },
    "backo2": {
      "version": "1.0.2",
      "resolved": "http://registry.npm.taobao.org/backo2/download/backo2-1.0.2.tgz",
      "integrity": "sha1-MasayLEpNjRj41s+u2n038+6eUc="
    },
    "balanced-match": {
      "version": "1.0.0",
      "resolved": "http://registry.npm.taobao.org/balanced-match/download/balanced-match-1.0.0.tgz",
      "integrity": "sha1-ibTRmasr7kneFk6gK4nORi1xt2c="
    },
    "bcrypt-pbkdf": {
      "version": "1.0.2",
      "resolved": "http://registry.npm.taobao.org/bcrypt-pbkdf/download/bcrypt-pbkdf-1.0.2.tgz",
      "integrity": "sha1-pDAdOJtqQ/m2f/PKEaP2Y342Dp4=",
      "optional": true,
      "requires": {
        "tweetnacl": "0.14.5"
      }
    },
    "blear.classes.class": {
      "version": "1.1.7",
      "resolved": "http://registry.npm.taobao.org/blear.classes.class/download/blear.classes.class-1.1.7.tgz",
      "integrity": "sha1-VJHMNAAuGDJNsg0DD6bw+9Rwn/I=",
      "requires": {
        "blear.utils.access": "1.0.5",
        "blear.utils.debug": "1.0.2",
        "blear.utils.object": "1.0.14",
        "blear.utils.random": "1.0.4",
        "blear.utils.typeis": "1.0.3"
      }
    },
    "blear.classes.error": {
      "version": "1.0.4",
      "resolved": "http://registry.npm.taobao.org/blear.classes.error/download/blear.classes.error-1.0.4.tgz",
      "integrity": "sha1-WgAsmzv5CBEcwy9rW9qib/u9dY4=",
      "requires": {
        "blear.classes.class": "1.1.7",
        "blear.utils.access": "1.0.5",
        "blear.utils.date": "1.0.11",
        "blear.utils.object": "1.0.14",
        "blear.utils.typeis": "1.0.3"
      }
    },
    "blear.classes.events": {
      "version": "1.0.7",
      "resolved": "http://registry.npm.taobao.org/blear.classes.events/download/blear.classes.events-1.0.7.tgz",
      "integrity": "sha1-luZoU2G8mQEr26rWsNN+8RxTz4A=",
      "requires": {
        "blear.classes.class": "1.1.7",
        "blear.utils.access": "1.0.5",
        "blear.utils.array": "1.0.12",
        "blear.utils.object": "1.0.14",
        "blear.utils.typeis": "1.0.3"
      }
    },
    "blear.node.cli": {
      "version": "1.1.0",
      "resolved": "http://registry.npm.taobao.org/blear.node.cli/download/blear.node.cli-1.1.0.tgz",
      "integrity": "sha1-/qcdOpUNBoX79ptm5tJ9Q8dDIbA=",
      "requires": {
        "blear.classes.class": "1.1.7",
        "blear.node.console": "1.1.3",
        "blear.node.request": "2.0.9",
        "blear.utils.access": "1.0.5",
        "blear.utils.array": "1.0.12",
        "blear.utils.object": "1.0.14",
        "blear.utils.string": "1.0.9",
        "blear.utils.typeis": "1.0.3",
        "blear.utils.version": "1.0.1",
        "minimist": "1.2.0"
      }
    },
    "blear.node.console": {
      "version": "1.1.3",
      "resolved": "http://registry.npm.taobao.org/blear.node.console/download/blear.node.console-1.1.3.tgz",
      "integrity": "sha1-IFlYoPB9ZBxwQdL+Y7TPiZ7Jd0I=",
      "requires": {
        "blear.utils.access": "1.0.5",
        "blear.utils.array": "1.0.12",
        "blear.utils.collection": "1.0.4",
        "blear.utils.date": "1.0.11",
        "blear.utils.object": "1.0.14",
        "blear.utils.typeis": "1.0.3",
        "strip-ansi": "4.0.0",
        "wcwidth": "1.0.1"
      }
    },
    "blear.node.debug": {
      "version": "1.0.4",
      "resolved": "http://registry.npm.taobao.org/blear.node.debug/download/blear.node.debug-1.0.4.tgz",
      "integrity": "sha1-9nN2JBFgeikhWupS3M+LJT1BROY=",
      "requires": {
        "blear.node.console": "1.1.3",
        "blear.utils.access": "1.0.5",
        "blear.utils.array": "1.0.12",
        "blear.utils.collection": "1.0.4",
        "blear.utils.object": "1.0.14",
        "blear.utils.string": "1.0.9",
        "blear.utils.typeis": "1.0.3"
      }
    },
    "blear.node.path": {
      "version": "1.0.8",
      "resolved": "http://registry.npm.taobao.org/blear.node.path/download/blear.node.path-1.0.8.tgz",
      "integrity": "sha1-UhS/8EXEjyvfqAN3xKaUo8DPcvg=",
      "requires": {
        "blear.utils.access": "1.0.5",
        "blear.utils.collection": "1.0.4",
        "blear.utils.object": "1.0.14",
        "blear.utils.typeis": "1.0.3",
        "glob": "7.1.2"
      }
    },
    "blear.node.request": {
      "version": "2.0.9",
      "resolved": "http://registry.npm.taobao.org/blear.node.request/download/blear.node.request-2.0.9.tgz",
      "integrity": "sha1-7KZ+UkptiwPP0+HFdJF4ZVFOXXA=",
      "requires": {
        "blear.classes.class": "1.1.7",
        "blear.node.console": "1.1.3",
        "blear.node.debug": "1.0.4",
        "blear.utils.access": "1.0.5",
        "blear.utils.function": "1.0.5",
        "blear.utils.object": "1.0.14",
        "blear.utils.typeis": "1.0.3",
        "request": "2.81.0"
      },
      "dependencies": {
        "ajv": {
          "version": "4.11.8",
          "resolved": "http://registry.npm.taobao.org/ajv/download/ajv-4.11.8.tgz",
          "integrity": "sha1-gv+wKynmYq5TvcIK8VlHcGc5xTY=",
          "requires": {
            "co": "4.6.0",
            "json-stable-stringify": "1.0.1"
          }
        },
        "assert-plus": {
          "version": "0.2.0",
          "resolved": "http://registry.npm.taobao.org/assert-plus/download/assert-plus-0.2.0.tgz",
          "integrity": "sha1-104bh+ev/A24qttwIfP+SBAasjQ="
        },
        "aws-sign2": {
          "version": "0.6.0",
          "resolved": "http://registry.npm.taobao.org/aws-sign2/download/aws-sign2-0.6.0.tgz",
          "integrity": "sha1-FDQt0428yU0OW4fXY81jYSwOeU8="
        },
        "form-data": {
          "version": "2.1.4",
          "resolved": "http://registry.npm.taobao.org/form-data/download/form-data-2.1.4.tgz",
          "integrity": "sha1-M8GDrPGTJ27KqYFDpp6Uv+4XUNE=",
          "requires": {
            "asynckit": "0.4.0",
            "combined-stream": "1.0.6",
            "mime-types": "2.1.19"
          }
        },
        "har-schema": {
          "version": "1.0.5",
          "resolved": "http://registry.npm.taobao.org/har-schema/download/har-schema-1.0.5.tgz",
          "integrity": "sha1-0mMTX0MwfALGAq/I/pWXDAFRNp4="
        },
        "har-validator": {
          "version": "4.2.1",
          "resolved": "http://registry.npm.taobao.org/har-validator/download/har-validator-4.2.1.tgz",
          "integrity": "sha1-M0gdDxu/9gDdID11gSpqX7oALio=",
          "requires": {
            "ajv": "4.11.8",
            "har-schema": "1.0.5"
          }
        },
        "http-signature": {
          "version": "1.1.1",
          "resolved": "http://registry.npm.taobao.org/http-signature/download/http-signature-1.1.1.tgz",
          "integrity": "sha1-33LiZwZs0Kxn+3at+OE0qPvPkb8=",
          "requires": {
            "assert-plus": "0.2.0",
            "jsprim": "1.4.1",
            "sshpk": "1.14.2"
          }
        },
        "oauth-sign": {
          "version": "0.8.2",
          "resolved": "http://registry.npm.taobao.org/oauth-sign/download/oauth-sign-0.8.2.tgz",
          "integrity": "sha1-Rqarfwrq2N6unsBWV4C31O/rnUM="
        },
        "performance-now": {
          "version": "0.2.0",
          "resolved": "http://registry.npm.taobao.org/performance-now/download/performance-now-0.2.0.tgz",
          "integrity": "sha1-M+8wxcd9TqIcWlOGnZG1bY8lVeU="
        },
        "qs": {
          "version": "6.4.0",
          "resolved": "http://registry.npm.taobao.org/qs/download/qs-6.4.0.tgz",
          "integrity": "sha1-E+JtKK1rD/qpExLNO/cI7TUecjM="
        },
        "request": {
          "version": "2.81.0",
          "resolved": "http://registry.npm.taobao.org/request/download/request-2.81.0.tgz",
          "integrity": "sha1-xpKJRqDgbF+Nb4qTM0af/aRimKA=",
          "requires": {
            "aws-sign2": "0.6.0",
            "aws4": "1.8.0",
            "caseless": "0.12.0",
            "combined-stream": "1.0.6",
            "extend": "3.0.2",
            "forever-agent": "0.6.1",
            "form-data": "2.1.4",
            "har-validator": "4.2.1",
            "hawk": "3.1.3",
            "http-signature": "1.1.1",
            "is-typedarray": "1.0.0",
            "isstream": "0.1.2",
            "json-stringify-safe": "5.0.1",
            "mime-types": "2.1.19",
            "oauth-sign": "0.8.2",
            "performance-now": "0.2.0",
            "qs": "6.4.0",
            "safe-buffer": "5.1.2",
            "stringstream": "0.0.6",
            "tough-cookie": "2.3.4",
            "tunnel-agent": "0.6.0",
            "uuid": "3.3.2"
          }
        },
        "tough-cookie": {
          "version": "2.3.4",
          "resolved": "http://registry.npm.taobao.org/tough-cookie/download/tough-cookie-2.3.4.tgz",
          "integrity": "sha1-7GDO44rGdQY//JelwYlwV47oNlU=",
          "requires": {
            "punycode": "1.4.1"
          },
          "dependencies": {
            "punycode": {
              "version": "1.4.1",
              "resolved": "http://registry.npm.taobao.org/punycode/download/punycode-1.4.1.tgz",
              "integrity": "sha1-wNWmOycYgArY4esPpSachN1BhF4="
            }
          }
        }
      }
    },
    "blear.utils.access": {
      "version": "1.0.5",
      "resolved": "http://registry.npm.taobao.org/blear.utils.access/download/blear.utils.access-1.0.5.tgz",
      "integrity": "sha1-Sdnex3z9zSOrCwiHmwUw7K3k7iY=",
      "requires": {
        "blear.utils.array": "1.0.12",
        "blear.utils.collection": "1.0.4",
        "blear.utils.object": "1.0.14",
        "blear.utils.typeis": "1.0.3"
      }
    },
    "blear.utils.array": {
      "version": "1.0.12",
      "resolved": "http://registry.npm.taobao.org/blear.utils.array/download/blear.utils.array-1.0.12.tgz",
      "integrity": "sha1-Yje/gLO+MTdxR9kNb63JGp/md24=",
      "requires": {
        "blear.utils.typeis": "1.0.3"
      }
    },
    "blear.utils.collection": {
      "version": "1.0.4",
      "resolved": "http://registry.npm.taobao.org/blear.utils.collection/download/blear.utils.collection-1.0.4.tgz",
      "integrity": "sha1-FA28f83glrqYiytC7cdXSQWEmzE=",
      "requires": {
        "blear.utils.array": "1.0.12",
        "blear.utils.object": "1.0.14",
        "blear.utils.typeis": "1.0.3"
      }
    },
    "blear.utils.date": {
      "version": "1.0.11",
      "resolved": "http://registry.npm.taobao.org/blear.utils.date/download/blear.utils.date-1.0.11.tgz",
      "integrity": "sha1-cjladNb0+9GEmJsHj6V7Vj9aFZo=",
      "requires": {
        "blear.utils.access": "1.0.5",
        "blear.utils.array": "1.0.12",
        "blear.utils.number": "1.0.3",
        "blear.utils.string": "1.0.9",
        "blear.utils.typeis": "1.0.3"
      }
    },
    "blear.utils.debug": {
      "version": "1.0.2",
      "resolved": "http://registry.npm.taobao.org/blear.utils.debug/download/blear.utils.debug-1.0.2.tgz",
      "integrity": "sha1-TCxeL3W49o3V7LqIcZDc+zul4TU="
    },
    "blear.utils.function": {
      "version": "1.0.5",
      "resolved": "http://registry.npm.taobao.org/blear.utils.function/download/blear.utils.function-1.0.5.tgz",
      "integrity": "sha1-lMkuZgXT5CQfgkPwzsaztyVSTmo=",
      "requires": {
        "blear.utils.access": "1.0.5",
        "blear.utils.array": "1.0.12",
        "blear.utils.date": "1.0.11",
        "blear.utils.debug": "1.0.2",
        "blear.utils.time": "1.0.6",
        "blear.utils.typeis": "1.0.3"
      }
    },
    "blear.utils.json": {
      "version": "1.0.5",
      "resolved": "http://registry.npm.taobao.org/blear.utils.json/download/blear.utils.json-1.0.5.tgz",
      "integrity": "sha1-6urtuLlYOC0zisaSefDXlSvIl/Y=",
      "requires": {
        "blear.utils.object": "1.0.14",
        "blear.utils.typeis": "1.0.3"
      }
    },
    "blear.utils.number": {
      "version": "1.0.3",
      "resolved": "http://registry.npm.taobao.org/blear.utils.number/download/blear.utils.number-1.0.3.tgz",
      "integrity": "sha1-xu03E8ipfTzuojaVRZMV5HxahhY=",
      "requires": {
        "blear.utils.array": "1.0.12",
        "blear.utils.typeis": "1.0.3"
      }
    },
    "blear.utils.object": {
      "version": "1.0.14",
      "resolved": "http://registry.npm.taobao.org/blear.utils.object/download/blear.utils.object-1.0.14.tgz",
      "integrity": "sha1-bfkmlYQdUB/vYUqvNv/lC4R4GI0=",
      "requires": {
        "blear.utils.typeis": "1.0.3"
      }
    },
    "blear.utils.plan": {
      "version": "2.2.1",
      "resolved": "http://registry.npm.taobao.org/blear.utils.plan/download/blear.utils.plan-2.2.1.tgz",
      "integrity": "sha1-rfkEF4OOCk2HDRAN+SFVHEXar1c=",
      "requires": {
        "blear.classes.class": "1.1.7",
        "blear.classes.events": "1.0.7",
        "blear.utils.access": "1.0.5",
        "blear.utils.collection": "1.0.4",
        "blear.utils.function": "1.0.5",
        "blear.utils.number": "1.0.3",
        "blear.utils.object": "1.0.14",
        "blear.utils.random": "1.0.4",
        "blear.utils.time": "1.0.6",
        "blear.utils.typeis": "1.0.3"
      }
    },
    "blear.utils.querystring": {
      "version": "1.0.5",
      "resolved": "http://registry.npm.taobao.org/blear.utils.querystring/download/blear.utils.querystring-1.0.5.tgz",
      "integrity": "sha1-heilJMj89U8qKJxGSWzl5Rlgy7w=",
      "requires": {
        "blear.utils.array": "1.0.12",
        "blear.utils.object": "1.0.14",
        "blear.utils.string": "1.0.9",
        "blear.utils.typeis": "1.0.3",
        "blear.utils.uri": "1.0.2"
      }
    },
    "blear.utils.random": {
      "version": "1.0.4",
      "resolved": "http://registry.npm.taobao.org/blear.utils.random/download/blear.utils.random-1.0.4.tgz",
      "integrity": "sha1-b0gvPNwufxoVko/HytejP8YM5zk=",
      "requires": {
        "blear.utils.access": "1.0.5",
        "blear.utils.number": "1.0.3",
        "blear.utils.string": "1.0.9",
        "blear.utils.typeis": "1.0.3"
      }
    },
    "blear.utils.string": {
      "version": "1.0.9",
      "resolved": "http://registry.npm.taobao.org/blear.utils.string/download/blear.utils.string-1.0.9.tgz",
      "integrity": "sha1-WQX/8jtP0SVnL6vO83O1FDKT/7U=",
      "requires": {
        "blear.utils.access": "1.0.5",
        "blear.utils.array": "1.0.12",
        "blear.utils.json": "1.0.5",
        "blear.utils.object": "1.0.14",
        "blear.utils.typeis": "1.0.3"
      }
    },
    "blear.utils.time": {
      "version": "1.0.6",
      "resolved": "http://registry.npm.taobao.org/blear.utils.time/download/blear.utils.time-1.0.6.tgz",
      "integrity": "sha1-UNDRuroNjliP/sN8hU2oXNnylxs=",
      "requires": {
        "blear.utils.date": "1.0.11",
        "blear.utils.typeis": "1.0.3"
      }
    },
    "blear.utils.typeis": {
      "version": "1.0.3",
      "resolved": "http://registry.npm.taobao.org/blear.utils.typeis/download/blear.utils.typeis-1.0.3.tgz",
      "integrity": "sha1-4u5r+8oHKbe1G6pZ2T1xa2jqxoY="
    },
    "blear.utils.uri": {
      "version": "1.0.2",
      "resolved": "http://registry.npm.taobao.org/blear.utils.uri/download/blear.utils.uri-1.0.2.tgz",
      "integrity": "sha1-G5fGgaon+dmDP92DMo040E6VSYg="
    },
    "blear.utils.version": {
      "version": "1.0.1",
      "resolved": "http://registry.npm.taobao.org/blear.utils.version/download/blear.utils.version-1.0.1.tgz",
      "integrity": "sha1-FFD6igqSXXWp4u15BeOICmvVhBc=",
      "requires": {
        "blear.utils.number": "1.0.3"
      }
    },
    "bluebird": {
      "version": "3.5.1",
      "resolved": "http://registry.npm.taobao.org/bluebird/download/bluebird-3.5.1.tgz",
      "integrity": "sha1-2VUfnemPH82h5oPRfukaBgLuLrk="
    },
    "boom": {
      "version": "2.10.1",
      "resolved": "http://registry.npm.taobao.org/boom/download/boom-2.10.1.tgz",
      "integrity": "sha1-OciRjO/1eZ+D+UkqhI9iWt0Mdm8=",
      "requires": {
        "hoek": "2.16.3"
      }
    },
    "brace-expansion": {
      "version": "1.1.11",
      "resolved": "http://registry.npm.taobao.org/brace-expansion/download/brace-expansion-1.1.11.tgz",
      "integrity": "sha1-PH/L9SnYcibz0vUrlm/1Jx60Qd0=",
      "requires": {
        "balanced-match": "1.0.0",
        "concat-map": "0.0.1"
      }
    },
    "caseless": {
      "version": "0.12.0",
      "resolved": "http://registry.npm.taobao.org/caseless/download/caseless-0.12.0.tgz",
      "integrity": "sha1-G2gcIf+EAzyCZUMJBolCDRhxUdw="
    },
    "clone": {
      "version": "1.0.4",
      "resolved": "http://registry.npm.taobao.org/clone/download/clone-1.0.4.tgz",
      "integrity": "sha1-2jCcwmPfFZlMaIypAheco8fNfH4="
    },
    "co": {
      "version": "4.6.0",
      "resolved": "http://registry.npm.taobao.org/co/download/co-4.6.0.tgz",
      "integrity": "sha1-bqa989hTrlTMuOR7+gvz+QMfsYQ="
    },
    "combined-stream": {
      "version": "1.0.6",
      "resolved": "http://registry.npm.taobao.org/combined-stream/download/combined-stream-1.0.6.tgz",
      "integrity": "sha1-cj599ugBrFYTETp+RFqbactjKBg=",
      "requires": {
        "delayed-stream": "1.0.0"
      }
    },
    "concat-map": {
      "version": "0.0.1",
      "resolved": "http://registry.npm.taobao.org/concat-map/download/concat-map-0.0.1.tgz",
      "integrity": "sha1-2Klr13/Wjfd5OnMDajug1UBdR3s="
    },
    "core-js": {
      "version": "2.5.7",
      "resolved": "http://registry.npm.taobao.org/core-js/download/core-js-2.5.7.tgz",
      "integrity": "sha1-+XJgj/DOrWi4QaFqky0LGDeRgU4="
    },
    "core-util-is": {
      "version": "1.0.2",
      "resolved": "http://registry.npm.taobao.org/core-util-is/download/core-util-is-1.0.2.tgz",
      "integrity": "sha1-tf1UIgqivFq1eqtxQMlAdUUDwac="
    },
    "cryptiles": {
      "version": "2.0.5",
      "resolved": "http://registry.npm.taobao.org/cryptiles/download/cryptiles-2.0.5.tgz",
      "integrity": "sha1-O9/s3GCBR8HGcgL6KR59ylnqo7g=",
      "requires": {
        "boom": "2.10.1"
      }
    },
    "dashdash": {
      "version": "1.14.1",
      "resolved": "http://registry.npm.taobao.org/dashdash/download/dashdash-1.14.1.tgz",
      "integrity": "sha1-hTz6D3y+L+1d4gMmuN1YEDX24vA=",
      "requires": {
        "assert-plus": "1.0.0"
      }
    },
    "debug": {
      "version": "3.1.0",
      "resolved": "http://registry.npm.taobao.org/debug/download/debug-3.1.0.tgz",
      "integrity": "sha1-W7WgZyYotkFJVmuhaBnmFRjGcmE=",
      "requires": {
        "ms": "2.0.0"
      }
    },
    "defaults": {
      "version": "1.0.3",
      "resolved": "http://registry.npm.taobao.org/defaults/download/defaults-1.0.3.tgz",
      "integrity": "sha1-xlYFHpgX2f8I7YgUd/P+QBnz730=",
      "requires": {
        "clone": "1.0.4"
      }
    },
    "delayed-stream": {
      "version": "1.0.0",
      "resolved": "http://registry.npm.taobao.org/delayed-stream/download/delayed-stream-1.0.0.tgz",
      "integrity": "sha1-3zrhmayt+31ECqrgsp4icrJOxhk="
    },
    "ecc-jsbn": {
      "version": "0.1.2",
      "resolved": "http://registry.npm.taobao.org/ecc-jsbn/download/ecc-jsbn-0.1.2.tgz",
      "integrity": "sha1-OoOpBOVDUyh4dMVkt1SThoSamMk=",
      "optional": true,
      "requires": {
        "jsbn": "0.1.1",
        "safer-buffer": "2.1.2"
      }
    },
    "extend": {
      "version": "3.0.2",
      "resolved": "http://registry.npm.taobao.org/extend/download/extend-3.0.2.tgz",
      "integrity": "sha1-+LETa0Bx+9jrFAr/hYsQGewpFfo="
    },
    "extsprintf": {
      "version": "1.3.0",
      "resolved": "http://registry.npm.taobao.org/extsprintf/download/extsprintf-1.3.0.tgz",
      "integrity": "sha1-lpGEQOMEGnpBT4xS48V06zw+HgU="
    },
    "fast-deep-equal": {
      "version": "1.1.0",
      "resolved": "http://registry.npm.taobao.org/fast-deep-equal/download/fast-deep-equal-1.1.0.tgz",
      "integrity": "sha1-wFNHeBfIa1HaqFPIHgWbcz0CNhQ="
    },
    "fast-json-stable-stringify": {
      "version": "2.0.0",
      "resolved": "http://registry.npm.taobao.org/fast-json-stable-stringify/download/fast-json-stable-stringify-2.0.0.tgz",
      "integrity": "sha1-1RQsDK7msRifh9OnYREGT4bIu/I="
    },
    "forever-agent": {
      "version": "0.6.1",
      "resolved": "http://registry.npm.taobao.org/forever-agent/download/forever-agent-0.6.1.tgz",
      "integrity": "sha1-+8cfDEGt6zf5bFd60e1C2P2sypE="
    },
    "form-data": {
      "version": "2.3.2",
      "resolved": "http://registry.npm.taobao.org/form-data/download/form-data-2.3.2.tgz",
      "integrity": "sha1-SXBJi+YEwgwAXU9cI67NIda0kJk=",
      "requires": {
        "asynckit": "0.4.0",
        "combined-stream": "1.0.6",
        "mime-types": "2.1.19"
      }
    },
    "fs-extra": {
      "version": "7.0.0",
      "resolved": "http://registry.npm.taobao.org/fs-extra/download/fs-extra-7.0.0.tgz",
      "integrity": "sha1-jMP0fOB+97NZOhG5+yRffjTAQdY=",
      "requires": {
        "graceful-fs": "4.1.11",
        "jsonfile": "4.0.0",
        "universalify": "0.1.2"
      }
    },
    "fs.realpath": {
      "version": "1.0.0",
      "resolved": "http://registry.npm.taobao.org/fs.realpath/download/fs.realpath-1.0.0.tgz",
      "integrity": "sha1-FQStJSMVjKpA20onh8sBQRmU6k8="
    },
    "getpass": {
      "version": "0.1.7",
      "resolved": "http://registry.npm.taobao.org/getpass/download/getpass-0.1.7.tgz",
      "integrity": "sha1-Xv+OPmhNVprkyysSgmBOi6YhSfo=",
      "requires": {
        "assert-plus": "1.0.0"
      }
    },
    "glob": {
      "version": "7.1.2",
      "resolved": "http://registry.npm.taobao.org/glob/download/glob-7.1.2.tgz",
      "integrity": "sha1-wZyd+aAocC1nhhI4SmVSQExjbRU=",
      "requires": {
        "fs.realpath": "1.0.0",
        "inflight": "1.0.6",
        "inherits": "2.0.3",
        "minimatch": "3.0.4",
        "once": "1.4.0",
        "path-is-absolute": "1.0.1"
      }
    },
    "graceful-fs": {
      "version": "4.1.11",
      "resolved": "http://registry.npm.taobao.org/graceful-fs/download/graceful-fs-4.1.11.tgz",
      "integrity": "sha1-Dovf5NHduIVNZOBOp8AOKgJuVlg="
    },
    "har-schema": {
      "version": "2.0.0",
      "resolved": "http://registry.npm.taobao.org/har-schema/download/har-schema-2.0.0.tgz",
      "integrity": "sha1-qUwiJOvKwEeCoNkDVSHyRzW37JI="
    },
    "har-validator": {
      "version": "5.1.0",
      "resolved": "http://registry.npm.taobao.org/har-validator/download/har-validator-5.1.0.tgz",
      "integrity": "sha1-RGV/VoiiLP1LckhugbOj+xF0LCk=",
      "requires": {
        "ajv": "5.5.2",
        "har-schema": "2.0.0"
      }
    },
    "hawk": {
      "version": "3.1.3",
      "resolved": "http://registry.npm.taobao.org/hawk/download/hawk-3.1.3.tgz",
      "integrity": "sha1-B4REvXwWQLD+VA0sm3PVlnjo4cQ=",
      "requires": {
        "boom": "2.10.1",
        "cryptiles": "2.0.5",
        "hoek": "2.16.3",
        "sntp": "1.0.9"
      }
    },
    "hoek": {
      "version": "2.16.3",
      "resolved": "http://registry.npm.taobao.org/hoek/download/hoek-2.16.3.tgz",
      "integrity": "sha1-ILt0A9POo5jpHcRxCo/xuCdKJe0="
    },
    "http-signature": {
      "version": "1.2.0",
      "resolved": "http://registry.npm.taobao.org/http-signature/download/http-signature-1.2.0.tgz",
      "integrity": "sha1-muzZJRFHcvPZW2WmCruPfBj7rOE=",
      "requires": {
        "assert-plus": "1.0.0",
        "jsprim": "1.4.1",
        "sshpk": "1.14.2"
      }
    },
    "inflight": {
      "version": "1.0.6",
      "resolved": "http://registry.npm.taobao.org/inflight/download/inflight-1.0.6.tgz",
      "integrity": "sha1-Sb1jMdfQLQwJvJEKEHW6gWW1bfk=",
      "requires": {
        "once": "1.4.0",
        "wrappy": "1.0.2"
      }
    },
    "inherits": {
      "version": "2.0.3",
      "resolved": "http://registry.npm.taobao.org/inherits/download/inherits-2.0.3.tgz",
      "integrity": "sha1-Yzwsg+PaQqUC9SRmAiSA9CCCYd4="
    },
    "is-typedarray": {
      "version": "1.0.0",
      "resolved": "http://registry.npm.taobao.org/is-typedarray/download/is-typedarray-1.0.0.tgz",
      "integrity": "sha1-5HnICFjfDBsR3dppQPlgEfzaSpo="
    },
    "isstream": {
      "version": "0.1.2",
      "resolved": "http://registry.npm.taobao.org/isstream/download/isstream-0.1.2.tgz",
      "integrity": "sha1-R+Y/evVa+m+S4VAOaQ64uFKcCZo="
    },
    "jsbn": {
      "version": "0.1.1",
      "resolved": "http://registry.npm.taobao.org/jsbn/download/jsbn-0.1.1.tgz",
      "integrity": "sha1-peZUwuWi3rXyAdls77yoDA7y9RM=",
      "optional": true
    },
    "json-schema": {
      "version": "0.2.3",
      "resolved": "http://registry.npm.taobao.org/json-schema/download/json-schema-0.2.3.tgz",
      "integrity": "sha1-tIDIkuWaLwWVTOcnvT8qTogvnhM="
    },
    "json-schema-traverse": {
      "version": "0.3.1",
      "resolved": "http://registry.npm.taobao.org/json-schema-traverse/download/json-schema-traverse-0.3.1.tgz",
      "integrity": "sha1-NJptRMU6Ud6JtAgFxdXlm0F9M0A="
    },
    "json-stable-stringify": {
      "version": "1.0.1",
      "resolved": "http://registry.npm.taobao.org/json-stable-stringify/download/json-stable-stringify-1.0.1.tgz",
      "integrity": "sha1-mnWdOcXy/1A/1TAGRu1EX4jE+a8=",
      "requires": {
        "jsonify": "0.0.0"
      }
    },
    "json-stringify-safe": {
      "version": "5.0.1",
      "resolved": "http://registry.npm.taobao.org/json-stringify-safe/download/json-stringify-safe-5.0.1.tgz",
      "integrity": "sha1-Epai1Y/UXxmg9s4B1lcB4sc1tus="
    },
    "jsonfile": {
      "version": "4.0.0",
      "resolved": "http://registry.npm.taobao.org/jsonfile/download/jsonfile-4.0.0.tgz",
      "integrity": "sha1-h3Gq4HmbZAdrdmQPygWPnBDjPss=",
      "requires": {
        "graceful-fs": "4.1.11"
      }
    },
    "jsonify": {
      "version": "0.0.0",
      "resolved": "http://registry.npm.taobao.org/jsonify/download/jsonify-0.0.0.tgz",
      "integrity": "sha1-LHS27kHZPKUbe1qu6PUDYx0lKnM="
    },
    "jsprim": {
      "version": "1.4.1",
      "resolved": "http://registry.npm.taobao.org/jsprim/download/jsprim-1.4.1.tgz",
      "integrity": "sha1-MT5mvB5cwG5Di8G3SZwuXFastqI=",
      "requires": {
        "assert-plus": "1.0.0",
        "extsprintf": "1.3.0",
        "json-schema": "0.2.3",
        "verror": "1.10.0"
      }
    },
    "later": {
      "version": "1.2.0",
      "resolved": "http://registry.npm.taobao.org/later/download/later-1.2.0.tgz",
      "integrity": "sha1-8s9sTdeVbdL1IK3wMpg26YdrrQ8="
    },
    "lodash": {
      "version": "4.17.10",
      "resolved": "http://registry.npm.taobao.org/lodash/download/lodash-4.17.10.tgz",
      "integrity": "sha1-G3eTz3JZ6jj7NmHU04syYK+K5Oc="
    },
    "mime-db": {
      "version": "1.35.0",
      "resolved": "http://registry.npm.taobao.org/mime-db/download/mime-db-1.35.0.tgz",
      "integrity": "sha1-BWnWV0ZkkSg3CWY603mpm5DZq0c="
    },
    "mime-types": {
      "version": "2.1.19",
      "resolved": "http://registry.npm.taobao.org/mime-types/download/mime-types-2.1.19.tgz",
      "integrity": "sha1-ceRkU3p++BwV8tudl+kT/A/2BvA=",
      "requires": {
        "mime-db": "1.35.0"
      }
    },
    "minimatch": {
      "version": "3.0.4",
      "resolved": "http://registry.npm.taobao.org/minimatch/download/minimatch-3.0.4.tgz",
      "integrity": "sha1-UWbihkV/AzBgZL5Ul+jbsMPTIIM=",
      "requires": {
        "brace-expansion": "1.1.11"
      }
    },
    "minimist": {
      "version": "1.2.0",
      "resolved": "http://registry.npm.taobao.org/minimist/download/minimist-1.2.0.tgz",
      "integrity": "sha1-o1AIsg9BOD7sH7kU9M1d95omQoQ="
    },
    "ms": {
      "version": "2.0.0",
      "resolved": "http://registry.npm.taobao.org/ms/download/ms-2.0.0.tgz",
      "integrity": "sha1-VgiurfwAvmwpAd9fmGF4jeDVl8g="
    },
    "nodemailer": {
      "version": "4.6.8",
      "resolved": "http://registry.npm.taobao.org/nodemailer/download/nodemailer-4.6.8.tgz",
      "integrity": "sha1-+C+0B4KL8udtkqzDS4I9g+d0+Jw="
    },
    "oauth-sign": {
      "version": "0.9.0",
      "resolved": "http://registry.npm.taobao.org/oauth-sign/download/oauth-sign-0.9.0.tgz",
      "integrity": "sha1-R6ewFrqmi1+g7PPe4IqFxnmsZFU="
    },
    "once": {
      "version": "1.4.0",
      "resolved": "http://registry.npm.taobao.org/once/download/once-1.4.0.tgz",
      "integrity": "sha1-WDsap3WWHUsROsF9nFC6753Xa9E=",
      "requires": {
        "wrappy": "1.0.2"
      }
    },
    "openssl-wrapper": {
      "version": "0.3.4",
      "resolved": "http://registry.npm.taobao.org/openssl-wrapper/download/openssl-wrapper-0.3.4.tgz",
      "integrity": "sha1-wB7Jjk3NK13+C2k/MYJyAOO4Gwc="
    },
    "path-is-absolute": {
      "version": "1.0.1",
      "resolved": "http://registry.npm.taobao.org/path-is-absolute/download/path-is-absolute-1.0.1.tgz",
      "integrity": "sha1-F0uSaHNVNP+8es5r9TpanhtcX18="
    },
    "performance-now": {
      "version": "2.1.0",
      "resolved": "http://registry.npm.taobao.org/performance-now/download/performance-now-2.1.0.tgz",
      "integrity": "sha1-Ywn04OX6kT7BxpMHrjZLSzd8nns="
    },
    "psl": {
      "version": "1.1.29",
      "resolved": "http://registry.npm.taobao.org/psl/download/psl-1.1.29.tgz",
      "integrity": "sha1-YPWA02AXC7cip5fMcEQR5tqFDGc="
    },
    "punycode": {
      "version": "2.1.1",
      "resolved": "http://registry.npm.taobao.org/punycode/download/punycode-2.1.1.tgz",
      "integrity": "sha1-tYsBCsQMIsVldhbI0sLALHv0eew="
    },
    "qs": {
      "version": "6.5.2",
      "resolved": "http://registry.npm.taobao.org/qs/download/qs-6.5.2.tgz",
      "integrity": "sha1-yzroBuh0BERYTvFUzo7pjUA/PjY="
    },
    "regenerator-runtime": {
      "version": "0.11.1",
      "resolved": "http://registry.npm.taobao.org/regenerator-runtime/download/regenerator-runtime-0.11.1.tgz",
      "integrity": "sha1-vgWtf5v30i4Fb5cmzuUBf78Z4uk="
    },
    "request": {
      "version": "2.88.0",
      "resolved": "http://registry.npm.taobao.org/request/download/request-2.88.0.tgz",
      "integrity": "sha1-nC/KT301tZLv5Xx/ClXoEFIST+8=",
      "requires": {
        "aws-sign2": "0.7.0",
        "aws4": "1.8.0",
        "caseless": "0.12.0",
        "combined-stream": "1.0.6",
        "extend": "3.0.2",
        "forever-agent": "0.6.1",
        "form-data": "2.3.2",
        "har-validator": "5.1.0",
        "http-signature": "1.2.0",
        "is-typedarray": "1.0.0",
        "isstream": "0.1.2",
        "json-stringify-safe": "5.0.1",
        "mime-types": "2.1.19",
        "oauth-sign": "0.9.0",
        "performance-now": "2.1.0",
        "qs": "6.5.2",
        "safe-buffer": "5.1.2",
        "tough-cookie": "2.4.3",
        "tunnel-agent": "0.6.0",
        "uuid": "3.3.2"
      }
    },
    "request-promise-core": {
      "version": "1.1.1",
      "resolved": "http://registry.npm.taobao.org/request-promise-core/download/request-promise-core-1.1.1.tgz",
      "integrity": "sha1-Pu4AssWqgyOc+wTFcA2jb4HNCLY=",
      "requires": {
        "lodash": "4.17.10"
      }
    },
    "request-promise-native": {
      "version": "1.0.5",
      "resolved": "http://registry.npm.taobao.org/request-promise-native/download/request-promise-native-1.0.5.tgz",
      "integrity": "sha1-UoF3D2jgyXGeUWP9P6tIIhX0/aU=",
      "requires": {
        "request-promise-core": "1.1.1",
        "stealthy-require": "1.1.1",
        "tough-cookie": "2.4.3"
      }
    },
    "safe-buffer": {
      "version": "5.1.2",
      "resolved": "http://registry.npm.taobao.org/safe-buffer/download/safe-buffer-5.1.2.tgz",
      "integrity": "sha1-mR7GnSluAxN0fVm9/St0XDX4go0="
    },
    "safer-buffer": {
      "version": "2.1.2",
      "resolved": "http://registry.npm.taobao.org/safer-buffer/download/safer-buffer-2.1.2.tgz",
      "integrity": "sha1-RPoWGwGHuVSd2Eu5GAL5vYOFzWo="
    },
    "sntp": {
      "version": "1.0.9",
      "resolved": "http://registry.npm.taobao.org/sntp/download/sntp-1.0.9.tgz",
      "integrity": "sha1-ZUEYTMkK7qbG57NeJlkIJEPGYZg=",
      "requires": {
        "hoek": "2.16.3"
      }
    },
    "sshpk": {
      "version": "1.14.2",
      "resolved": "http://registry.npm.taobao.org/sshpk/download/sshpk-1.14.2.tgz",
      "integrity": "sha1-xvxhZIo9nE52T9P8306hBeSSupg=",
      "requires": {
        "asn1": "0.2.4",
        "assert-plus": "1.0.0",
        "bcrypt-pbkdf": "1.0.2",
        "dashdash": "1.14.1",
        "ecc-jsbn": "0.1.2",
        "getpass": "0.1.7",
        "jsbn": "0.1.1",
        "safer-buffer": "2.1.2",
        "tweetnacl": "0.14.5"
      }
    },
    "stealthy-require": {
      "version": "1.1.1",
      "resolved": "http://registry.npm.taobao.org/stealthy-require/download/stealthy-require-1.1.1.tgz",
      "integrity": "sha1-NbCYdbT/SfJqd35QmzCQoyJr8ks="
    },
    "stringstream": {
      "version": "0.0.6",
      "resolved": "http://registry.npm.taobao.org/stringstream/download/stringstream-0.0.6.tgz",
      "integrity": "sha1-eIAiWw1K0Q4wkn0Weh1vL9OzOnI="
    },
    "strip-ansi": {
      "version": "4.0.0",
      "resolved": "http://registry.npm.taobao.org/strip-ansi/download/strip-ansi-4.0.0.tgz",
      "integrity": "sha1-qEeQIusaw2iocTibY1JixQXuNo8=",
      "requires": {
        "ansi-regex": "3.0.0"
      }
    },
    "temp-dir": {
      "version": "1.0.0",
      "resolved": "http://registry.npm.taobao.org/temp-dir/download/temp-dir-1.0.0.tgz",
      "integrity": "sha1-CnwOom06Oa+n4OvqnB/AvE2qAR0="
    },
    "tempfile": {
      "version": "2.0.0",
      "resolved": "http://registry.npm.taobao.org/tempfile/download/tempfile-2.0.0.tgz",
      "integrity": "sha1-awRGhWqbERTRhW/8vlCczLCXcmU=",
      "requires": {
        "temp-dir": "1.0.0",
        "uuid": "3.3.2"
      }
    },
    "tough-cookie": {
      "version": "2.4.3",
      "resolved": "http://registry.npm.taobao.org/tough-cookie/download/tough-cookie-2.4.3.tgz",
      "integrity": "sha1-U/Nto/R3g7CSWvoG/587FlKA94E=",
      "requires": {
        "psl": "1.1.29",
        "punycode": "1.4.1"
      },
      "dependencies": {
        "punycode": {
          "version": "1.4.1",
          "resolved": "http://registry.npm.taobao.org/punycode/download/punycode-1.4.1.tgz",
          "integrity": "sha1-wNWmOycYgArY4esPpSachN1BhF4="
        }
      }
    },
    "tunnel-agent": {
      "version": "0.6.0",
      "resolved": "http://registry.npm.taobao.org/tunnel-agent/download/tunnel-agent-0.6.0.tgz",
      "integrity": "sha1-J6XeoGs2sEoKmWZ3SykIaPD8QP0=",
      "requires": {
        "safe-buffer": "5.1.2"
      }
    },
    "tweetnacl": {
      "version": "0.14.5",
      "resolved": "http://registry.npm.taobao.org/tweetnacl/download/tweetnacl-0.14.5.tgz",
      "integrity": "sha1-WuaBd/GS1EViadEIr6k/+HQ/T2Q=",
      "optional": true
    },
    "universalify": {
      "version": "0.1.2",
      "resolved": "http://registry.npm.taobao.org/universalify/download/universalify-0.1.2.tgz",
      "integrity": "sha1-tkb2m+OULavOzJ1mOcgNwQXvqmY="
    },
    "uuid": {
      "version": "3.3.2",
      "resolved": "http://registry.npm.taobao.org/uuid/download/uuid-3.3.2.tgz",
      "integrity": "sha1-G0r0lV6zB3xQHCOHL8ZROBFYcTE="
    },
    "verror": {
      "version": "1.10.0",
      "resolved": "http://registry.npm.taobao.org/verror/download/verror-1.10.0.tgz",
      "integrity": "sha1-OhBcoXBTr1XW4nDB+CiGguGNpAA=",
      "requires": {
        "assert-plus": "1.0.0",
        "core-util-is": "1.0.2",
        "extsprintf": "1.3.0"
      }
    },
    "wcwidth": {
      "version": "1.0.1",
      "resolved": "http://registry.npm.taobao.org/wcwidth/download/wcwidth-1.0.1.tgz",
      "integrity": "sha1-8LDc+RW8X/FSivrbLA4XtTLaL+g=",
      "requires": {
        "defaults": "1.0.3"
      }
    },
    "wrappy": {
      "version": "1.0.2",
      "resolved": "http://registry.npm.taobao.org/wrappy/download/wrappy-1.0.2.tgz",
      "integrity": "sha1-tSQ9jz7BqjXxNkYFvA0QNuMKtp8="
    }
  }
}
